
Microsoft Visual Studio Solution File, Format Version 12.00
# Visual Studio Version 16
VisualStudioVersion = 16.0.32413.511
MinimumVisualStudioVersion = 10.0.40219.1
Project("{FAE04EC0-301F-11D3-BF4B-00C04F79EFBC}") = "H9Demo_Bar", "H9Demo_Bar\H9Demo_Bar.csproj", "{AB873FAF-0EE4-4217-A41C-A1DD8D3AD5A6}"
EndProject
Global
	GlobalSection(SolutionConfigurationPlatforms) = preSolution
		Debug|Any CPU = Debug|Any CPU
		Release|Any CPU = Release|Any CPU
	EndGlobalSection
	GlobalSection(ProjectConfigurationPlatforms) = postSolution
		{AB873FAF-0EE4-4217-A41C-A1DD8D3AD5A6}.Debug|Any CPU.ActiveCfg = Debug|Any CPU
		{AB873FAF-0EE4-4217-A41C-A1DD8D3AD5A6}.Debug|Any CPU.Build.0 = Debug|Any CPU
		{AB873FAF-0EE4-4217-A41C-A1DD8D3AD5A6}.Release|Any CPU.ActiveCfg = Release|Any CPU
		{AB873FAF-0EE4-4217-A41C-A1DD8D3AD5A6}.Release|Any CPU.Build.0 = Release|Any CPU
	EndGlobalSection
	GlobalSection(SolutionProperties) = preSolution
		HideSolutionNode = FALSE
	EndGlobalSection
	GlobalSection(ExtensibilityGlobals) = postSolution
		SolutionGuid = {A2CD9962-2F9E-4F73-B077-69042AD45D1B}
	EndGlobalSection
EndGlobal
